
Microsoft Visual Studio Solution File, Format Version 12.00
# Visual Studio Version 17
VisualStudioVersion = 17.10.34607.79
MinimumVisualStudioVersion = 10.0.40219.1
Project("{9A19103F-16F7-4668-BE54-9A1E7A4F7556}") = "ViewPageMVC", "ViewPageMVC\ViewPageMVC.csproj", "{3A0D9DA8-3B3C-4280-AB67-EB7A6384BF19}"
EndProject
Project("{9A19103F-16F7-4668-BE54-9A1E7A4F7556}") = "Domain", "Domain\Domain.csproj", "{7569C22E-E22C-4BF3-A745-CA0B187AC972}"
EndProject
Project("{9A19103F-16F7-4668-BE54-9A1E7A4F7556}") = "Application", "Application\Application.csproj", "{580C58E0-299E-47F7-AE4F-737C4F8B454F}"
EndProject
Global
	GlobalSection(SolutionConfigurationPlatforms) = preSolution
		Debug|Any CPU = Debug|Any CPU
		Release|Any CPU = Release|Any CPU
	EndGlobalSection
	GlobalSection(ProjectConfigurationPlatforms) = postSolution
		{3A0D9DA8-3B3C-4280-AB67-EB7A6384BF19}.Debug|Any CPU.ActiveCfg = Debug|Any CPU
		{3A0D9DA8-3B3C-4280-AB67-EB7A6384BF19}.Debug|Any CPU.Build.0 = Debug|Any CPU
		{3A0D9DA8-3B3C-4280-AB67-EB7A6384BF19}.Release|Any CPU.ActiveCfg = Release|Any CPU
		{3A0D9DA8-3B3C-4280-AB67-EB7A6384BF19}.Release|Any CPU.Build.0 = Release|Any CPU
		{7569C22E-E22C-4BF3-A745-CA0B187AC972}.Debug|Any CPU.ActiveCfg = Debug|Any CPU
		{7569C22E-E22C-4BF3-A745-CA0B187AC972}.Debug|Any CPU.Build.0 = Debug|Any CPU
		{7569C22E-E22C-4BF3-A745-CA0B187AC972}.Release|Any CPU.ActiveCfg = Release|Any CPU
		{7569C22E-E22C-4BF3-A745-CA0B187AC972}.Release|Any CPU.Build.0 = Release|Any CPU
		{580C58E0-299E-47F7-AE4F-737C4F8B454F}.Debug|Any CPU.ActiveCfg = Debug|Any CPU
		{580C58E0-299E-47F7-AE4F-737C4F8B454F}.Debug|Any CPU.Build.0 = Debug|Any CPU
		{580C58E0-299E-47F7-AE4F-737C4F8B454F}.Release|Any CPU.ActiveCfg = Release|Any CPU
		{580C58E0-299E-47F7-AE4F-737C4F8B454F}.Release|Any CPU.Build.0 = Release|Any CPU
	EndGlobalSection
	GlobalSection(SolutionProperties) = preSolution
		HideSolutionNode = FALSE
	EndGlobalSection
	GlobalSection(ExtensibilityGlobals) = postSolution
		SolutionGuid = {33988828-1F61-408D-8921-9D957EECEF93}
	EndGlobalSection
EndGlobal
